
Microsoft Visual Studio Solution File, Format Version 12.00
Project("{FAE04EC0-301F-11D3-BF4B-00C04F79EFBC}") = "ExampleTests", "ExampleTests\ExampleTests.csproj", "{8CC3F418-125F-4B9D-89C2-70E4F680C8F6}"
EndProject
Project("{FAE04EC0-301F-11D3-BF4B-00C04F79EFBC}") = "Example", "Example\Example.csproj", "{FB92AAF1-1C9F-4012-9F50-1E4E6B4B8674}"
EndProject
Project("{FAE04EC0-301F-11D3-BF4B-00C04F79EFBC}") = "Geometry", "Geometry\Geometry.csproj", "{1813415A-DA54-4BDC-847B-DFBF05EED5F5}"
EndProject
Global
	GlobalSection(SolutionConfigurationPlatforms) = preSolution
		Debug|Any CPU = Debug|Any CPU
		Release|Any CPU = Release|Any CPU
	EndGlobalSection
	GlobalSection(ProjectConfigurationPlatforms) = postSolution
		{8CC3F418-125F-4B9D-89C2-70E4F680C8F6}.Debug|Any CPU.ActiveCfg = Debug|Any CPU
		{8CC3F418-125F-4B9D-89C2-70E4F680C8F6}.Debug|Any CPU.Build.0 = Debug|Any CPU
		{8CC3F418-125F-4B9D-89C2-70E4F680C8F6}.Release|Any CPU.ActiveCfg = Release|Any CPU
		{8CC3F418-125F-4B9D-89C2-70E4F680C8F6}.Release|Any CPU.Build.0 = Release|Any CPU
		{FB92AAF1-1C9F-4012-9F50-1E4E6B4B8674}.Debug|Any CPU.ActiveCfg = Debug|Any CPU
		{FB92AAF1-1C9F-4012-9F50-1E4E6B4B8674}.Debug|Any CPU.Build.0 = Debug|Any CPU
		{FB92AAF1-1C9F-4012-9F50-1E4E6B4B8674}.Release|Any CPU.ActiveCfg = Release|Any CPU
		{FB92AAF1-1C9F-4012-9F50-1E4E6B4B8674}.Release|Any CPU.Build.0 = Release|Any CPU
		{1813415A-DA54-4BDC-847B-DFBF05EED5F5}.Debug|Any CPU.ActiveCfg = Debug|Any CPU
		{1813415A-DA54-4BDC-847B-DFBF05EED5F5}.Debug|Any CPU.Build.0 = Debug|Any CPU
		{1813415A-DA54-4BDC-847B-DFBF05EED5F5}.Release|Any CPU.ActiveCfg = Release|Any CPU
		{1813415A-DA54-4BDC-847B-DFBF05EED5F5}.Release|Any CPU.Build.0 = Release|Any CPU
	EndGlobalSection
EndGlobal
